
Microsoft Visual Studio Solution File, Format Version 12.00
# Visual Studio Version 16
VisualStudioVersion = 16.0.30907.101
MinimumVisualStudioVersion = 10.0.40219.1
Project("{FAE04EC0-301F-11D3-BF4B-00C04F79EFBC}") = "Sisyphus", "Sisyphus\Sisyphus.csproj", "{4DEE496D-8BAC-4D73-804F-049BE040D477}"
EndProject
Global
	GlobalSection(SolutionConfigurationPlatforms) = preSolution
		Debug|Any CPU = Debug|Any CPU
		Release|Any CPU = Release|Any CPU
	EndGlobalSection
	GlobalSection(ProjectConfigurationPlatforms) = postSolution
		{4DEE496D-8BAC-4D73-804F-049BE040D477}.Debug|Any CPU.ActiveCfg = Debug|Any CPU
		{4DEE496D-8BAC-4D73-804F-049BE040D477}.Debug|Any CPU.Build.0 = Debug|Any CPU
		{4DEE496D-8BAC-4D73-804F-049BE040D477}.Release|Any CPU.ActiveCfg = Release|Any CPU
		{4DEE496D-8BAC-4D73-804F-049BE040D477}.Release|Any CPU.Build.0 = Release|Any CPU
	EndGlobalSection
	GlobalSection(SolutionProperties) = preSolution
		HideSolutionNode = FALSE
	EndGlobalSection
	GlobalSection(ExtensibilityGlobals) = postSolution
		SolutionGuid = {2AEB5F8F-70BD-4B38-9CE0-69259075E2A1}
	EndGlobalSection
EndGlobal
